
Microsoft Visual Studio Solution File, Format Version 12.00
# Visual Studio Version 17
VisualStudioVersion = 17.11.35208.52
MinimumVisualStudioVersion = 10.0.40219.1
Project("{2150E333-8FDC-42A3-9474-1A3956D46DE8}") = "AppliedDB", "AppliedDB", "{FE768FAB-5B90-415D-A177-E711E746D594}"
EndProject
Project("{2150E333-8FDC-42A3-9474-1A3956D46DE8}") = "AppliedLanguages", "AppliedLanguages", "{185C3002-9ADA-4035-A83B-7CBC0BC38741}"
EndProject
Project("{2150E333-8FDC-42A3-9474-1A3956D46DE8}") = "AppliedMessages", "AppliedMessages", "{92140263-2089-412D-A165-8C75AC8CA819}"
EndProject
Project("{9A19103F-16F7-4668-BE54-9A1E7A4F7556}") = "AppliedDB", "AppliedDB\AppliedDB\AppliedDB.csproj", "{4EABF107-8CFA-4F71-B610-5AEC2A065047}"
EndProject
Project("{9A19103F-16F7-4668-BE54-9A1E7A4F7556}") = "AppMessages", "AppliedMessages\AppMessages\AppMessages.csproj", "{D2EB753C-485D-4DD1-A093-BAAB4581F451}"
EndProject
Project("{9A19103F-16F7-4668-BE54-9A1E7A4F7556}") = "AppLanguages", "AppliedLanguage\AppLanguages.csproj", "{ED56C1D5-D9A6-4BDF-881D-64898FEC1881}"
EndProject
Project("{2150E333-8FDC-42A3-9474-1A3956D46DE8}") = "AppliedAccounts", "AppliedAccounts", "{9CF79BAA-782F-4A70-9F5B-1ABAD409D69B}"
EndProject
Project("{9A19103F-16F7-4668-BE54-9A1E7A4F7556}") = "AppliedAccounts", "AppliedAccounts\AppliedAccounts.csproj", "{CD2CDCE7-1210-4CFC-BA9A-6FFB95F11492}"
EndProject
Project("{2150E333-8FDC-42A3-9474-1A3956D46DE8}") = "Solution Items", "Solution Items", "{F892C185-A73D-47EE-98AC-E893B57A3BD7}"
	ProjectSection(SolutionItems) = preProject
		.editorconfig = .editorconfig
		BookModel.txt = BookModel.txt
		Links.txt = Links.txt
		Notes.txt = Notes.txt
		ReportService.txt = ReportService.txt
	EndProjectSection
EndProject
Project("{2150E333-8FDC-42A3-9474-1A3956D46DE8}") = "AppliedReports", "AppliedReports", "{6F3081C7-DEC2-4AF6-8177-58F74CD0044F}"
EndProject
Project("{9A19103F-16F7-4668-BE54-9A1E7A4F7556}") = "AppReports", "AppliedReports\AppReports\AppReports.csproj", "{99621E99-A721-4F00-B148-C79B2B12031B}"
EndProject
Project("{FAE04EC0-301F-11D3-BF4B-00C04F79EFBC}") = "SQLQueries", "SQLQueries\SQLQueries.csproj", "{2B20A705-1C66-4925-A0C8-FB97F7202B5B}"
EndProject
Project("{FAE04EC0-301F-11D3-BF4B-00C04F79EFBC}") = "AppliedGlobals", "AppliedGlobals\AppliedGlobals\AppliedGlobals.csproj", "{C425AE4E-58F5-478E-8E0D-E26AECFA8A30}"
EndProject
Global
	GlobalSection(SolutionConfigurationPlatforms) = preSolution
		Debug|Any CPU = Debug|Any CPU
		Release|Any CPU = Release|Any CPU
	EndGlobalSection
	GlobalSection(ProjectConfigurationPlatforms) = postSolution
		{4EABF107-8CFA-4F71-B610-5AEC2A065047}.Debug|Any CPU.ActiveCfg = Debug|Any CPU
		{4EABF107-8CFA-4F71-B610-5AEC2A065047}.Debug|Any CPU.Build.0 = Debug|Any CPU
		{4EABF107-8CFA-4F71-B610-5AEC2A065047}.Release|Any CPU.ActiveCfg = Release|Any CPU
		{4EABF107-8CFA-4F71-B610-5AEC2A065047}.Release|Any CPU.Build.0 = Release|Any CPU
		{D2EB753C-485D-4DD1-A093-BAAB4581F451}.Debug|Any CPU.ActiveCfg = Debug|Any CPU
		{D2EB753C-485D-4DD1-A093-BAAB4581F451}.Debug|Any CPU.Build.0 = Debug|Any CPU
		{D2EB753C-485D-4DD1-A093-BAAB4581F451}.Release|Any CPU.ActiveCfg = Release|Any CPU
		{D2EB753C-485D-4DD1-A093-BAAB4581F451}.Release|Any CPU.Build.0 = Release|Any CPU
		{ED56C1D5-D9A6-4BDF-881D-64898FEC1881}.Debug|Any CPU.ActiveCfg = Debug|Any CPU
		{ED56C1D5-D9A6-4BDF-881D-64898FEC1881}.Debug|Any CPU.Build.0 = Debug|Any CPU
		{ED56C1D5-D9A6-4BDF-881D-64898FEC1881}.Release|Any CPU.ActiveCfg = Release|Any CPU
		{ED56C1D5-D9A6-4BDF-881D-64898FEC1881}.Release|Any CPU.Build.0 = Release|Any CPU
		{CD2CDCE7-1210-4CFC-BA9A-6FFB95F11492}.Debug|Any CPU.ActiveCfg = Debug|Any CPU
		{CD2CDCE7-1210-4CFC-BA9A-6FFB95F11492}.Debug|Any CPU.Build.0 = Debug|Any CPU
		{CD2CDCE7-1210-4CFC-BA9A-6FFB95F11492}.Release|Any CPU.ActiveCfg = Release|Any CPU
		{CD2CDCE7-1210-4CFC-BA9A-6FFB95F11492}.Release|Any CPU.Build.0 = Release|Any CPU
		{99621E99-A721-4F00-B148-C79B2B12031B}.Debug|Any CPU.ActiveCfg = Debug|Any CPU
		{99621E99-A721-4F00-B148-C79B2B12031B}.Debug|Any CPU.Build.0 = Debug|Any CPU
		{99621E99-A721-4F00-B148-C79B2B12031B}.Release|Any CPU.ActiveCfg = Release|Any CPU
		{99621E99-A721-4F00-B148-C79B2B12031B}.Release|Any CPU.Build.0 = Release|Any CPU
		{2B20A705-1C66-4925-A0C8-FB97F7202B5B}.Debug|Any CPU.ActiveCfg = Debug|Any CPU
		{2B20A705-1C66-4925-A0C8-FB97F7202B5B}.Debug|Any CPU.Build.0 = Debug|Any CPU
		{2B20A705-1C66-4925-A0C8-FB97F7202B5B}.Release|Any CPU.ActiveCfg = Release|Any CPU
		{2B20A705-1C66-4925-A0C8-FB97F7202B5B}.Release|Any CPU.Build.0 = Release|Any CPU
		{C425AE4E-58F5-478E-8E0D-E26AECFA8A30}.Debug|Any CPU.ActiveCfg = Debug|Any CPU
		{C425AE4E-58F5-478E-8E0D-E26AECFA8A30}.Debug|Any CPU.Build.0 = Debug|Any CPU
		{C425AE4E-58F5-478E-8E0D-E26AECFA8A30}.Release|Any CPU.ActiveCfg = Release|Any CPU
		{C425AE4E-58F5-478E-8E0D-E26AECFA8A30}.Release|Any CPU.Build.0 = Release|Any CPU
	EndGlobalSection
	GlobalSection(SolutionProperties) = preSolution
		HideSolutionNode = FALSE
	EndGlobalSection
	GlobalSection(NestedProjects) = preSolution
		{4EABF107-8CFA-4F71-B610-5AEC2A065047} = {FE768FAB-5B90-415D-A177-E711E746D594}
		{D2EB753C-485D-4DD1-A093-BAAB4581F451} = {92140263-2089-412D-A165-8C75AC8CA819}
		{ED56C1D5-D9A6-4BDF-881D-64898FEC1881} = {185C3002-9ADA-4035-A83B-7CBC0BC38741}
		{CD2CDCE7-1210-4CFC-BA9A-6FFB95F11492} = {9CF79BAA-782F-4A70-9F5B-1ABAD409D69B}
		{99621E99-A721-4F00-B148-C79B2B12031B} = {6F3081C7-DEC2-4AF6-8177-58F74CD0044F}
		{2B20A705-1C66-4925-A0C8-FB97F7202B5B} = {FE768FAB-5B90-415D-A177-E711E746D594}
		{C425AE4E-58F5-478E-8E0D-E26AECFA8A30} = {FE768FAB-5B90-415D-A177-E711E746D594}
	EndGlobalSection
	GlobalSection(ExtensibilityGlobals) = postSolution
		SolutionGuid = {7430CBA5-E179-4FBF-B19B-CA7BA44112D2}
	EndGlobalSection
EndGlobal
